
Microsoft Visual Studio Solution File, Format Version 12.00
# Visual Studio 15
VisualStudioVersion = 15.0.26020.0
MinimumVisualStudioVersion = 10.0.40219.1
Project("{FAE04EC0-301F-11D3-BF4B-00C04F79EFBC}") = "DidIt", "DidIt\DidIt.csproj", "{67F9D3A8-F71E-4428-913F-C37AE82CDB24}"
EndProject
Project("{D954291E-2A0B-460D-934E-DC6B0785DB48}") = "DidItApp", "DidItApp\DidItApp.shproj", "{D96C29E0-8DED-4F46-BC7C-30115EA9F350}"
EndProject
Project("{FAE04EC0-301F-11D3-BF4B-00C04F79EFBC}") = "DidItApp.Droid", "DidItApp.Droid\DidItApp.Droid.csproj", "{53BCF549-B673-4DAD-8E42-FE6CA0542CBE}"
EndProject
Project("{FAE04EC0-301F-11D3-BF4B-00C04F79EFBC}") = "DidItApp.iOS", "DidItApp.iOS\DidItApp.iOS.csproj", "{5828CEF3-1671-4E2A-BE75-6210830E4221}"
EndProject
Project("{FAE04EC0-301F-11D3-BF4B-00C04F79EFBC}") = "DidItApp.UWP", "DidItApp.UWP\DidItApp.UWP.csproj", "{EDA1A593-CB67-4F22-8A0A-220CC6A6ECD1}"
EndProject
Global
	GlobalSection(SharedMSBuildProjectFiles) = preSolution
		DidItApp\DidItApp.projitems*{d96c29e0-8ded-4f46-bc7c-30115ea9f350}*SharedItemsImports = 13
		DidItApp\DidItApp.projitems*{eda1a593-cb67-4f22-8a0a-220cc6a6ecd1}*SharedItemsImports = 4
	EndGlobalSection
	GlobalSection(SolutionConfigurationPlatforms) = preSolution
		Ad-Hoc|Any CPU = Ad-Hoc|Any CPU
		Ad-Hoc|ARM = Ad-Hoc|ARM
		Ad-Hoc|iPhone = Ad-Hoc|iPhone
		Ad-Hoc|iPhoneSimulator = Ad-Hoc|iPhoneSimulator
		Ad-Hoc|x64 = Ad-Hoc|x64
		Ad-Hoc|x86 = Ad-Hoc|x86
		AppStore|Any CPU = AppStore|Any CPU
		AppStore|ARM = AppStore|ARM
		AppStore|iPhone = AppStore|iPhone
		AppStore|iPhoneSimulator = AppStore|iPhoneSimulator
		AppStore|x64 = AppStore|x64
		AppStore|x86 = AppStore|x86
		Debug|Any CPU = Debug|Any CPU
		Debug|ARM = Debug|ARM
		Debug|iPhone = Debug|iPhone
		Debug|iPhoneSimulator = Debug|iPhoneSimulator
		Debug|x64 = Debug|x64
		Debug|x86 = Debug|x86
		Release|Any CPU = Release|Any CPU
		Release|ARM = Release|ARM
		Release|iPhone = Release|iPhone
		Release|iPhoneSimulator = Release|iPhoneSimulator
		Release|x64 = Release|x64
		Release|x86 = Release|x86
	EndGlobalSection
	GlobalSection(ProjectConfigurationPlatforms) = postSolution
		{67F9D3A8-F71E-4428-913F-C37AE82CDB24}.Ad-Hoc|Any CPU.ActiveCfg = Release|Any CPU
		{67F9D3A8-F71E-4428-913F-C37AE82CDB24}.Ad-Hoc|Any CPU.Build.0 = Release|Any CPU
		{67F9D3A8-F71E-4428-913F-C37AE82CDB24}.Ad-Hoc|ARM.ActiveCfg = Release|Any CPU
		{67F9D3A8-F71E-4428-913F-C37AE82CDB24}.Ad-Hoc|ARM.Build.0 = Release|Any CPU
		{67F9D3A8-F71E-4428-913F-C37AE82CDB24}.Ad-Hoc|iPhone.ActiveCfg = Release|Any CPU
		{67F9D3A8-F71E-4428-913F-C37AE82CDB24}.Ad-Hoc|iPhone.Build.0 = Release|Any CPU
		{67F9D3A8-F71E-4428-913F-C37AE82CDB24}.Ad-Hoc|iPhoneSimulator.ActiveCfg = Release|Any CPU
		{67F9D3A8-F71E-4428-913F-C37AE82CDB24}.Ad-Hoc|iPhoneSimulator.Build.0 = Release|Any CPU
		{67F9D3A8-F71E-4428-913F-C37AE82CDB24}.Ad-Hoc|x64.ActiveCfg = Release|Any CPU
		{67F9D3A8-F71E-4428-913F-C37AE82CDB24}.Ad-Hoc|x64.Build.0 = Release|Any CPU
		{67F9D3A8-F71E-4428-913F-C37AE82CDB24}.Ad-Hoc|x86.ActiveCfg = Release|Any CPU
		{67F9D3A8-F71E-4428-913F-C37AE82CDB24}.Ad-Hoc|x86.Build.0 = Release|Any CPU
		{67F9D3A8-F71E-4428-913F-C37AE82CDB24}.AppStore|Any CPU.ActiveCfg = Release|Any CPU
		{67F9D3A8-F71E-4428-913F-C37AE82CDB24}.AppStore|Any CPU.Build.0 = Release|Any CPU
		{67F9D3A8-F71E-4428-913F-C37AE82CDB24}.AppStore|ARM.ActiveCfg = Release|Any CPU
		{67F9D3A8-F71E-4428-913F-C37AE82CDB24}.AppStore|ARM.Build.0 = Release|Any CPU
		{67F9D3A8-F71E-4428-913F-C37AE82CDB24}.AppStore|iPhone.ActiveCfg = Release|Any CPU
		{67F9D3A8-F71E-4428-913F-C37AE82CDB24}.AppStore|iPhone.Build.0 = Release|Any CPU
		{67F9D3A8-F71E-4428-913F-C37AE82CDB24}.AppStore|iPhoneSimulator.ActiveCfg = Release|Any CPU
		{67F9D3A8-F71E-4428-913F-C37AE82CDB24}.AppStore|iPhoneSimulator.Build.0 = Release|Any CPU
		{67F9D3A8-F71E-4428-913F-C37AE82CDB24}.AppStore|x64.ActiveCfg = Release|Any CPU
		{67F9D3A8-F71E-4428-913F-C37AE82CDB24}.AppStore|x64.Build.0 = Release|Any CPU
		{67F9D3A8-F71E-4428-913F-C37AE82CDB24}.AppStore|x86.ActiveCfg = Release|Any CPU
		{67F9D3A8-F71E-4428-913F-C37AE82CDB24}.AppStore|x86.Build.0 = Release|Any CPU
		{67F9D3A8-F71E-4428-913F-C37AE82CDB24}.Debug|Any CPU.ActiveCfg = Debug|Any CPU
		{67F9D3A8-F71E-4428-913F-C37AE82CDB24}.Debug|Any CPU.Build.0 = Debug|Any CPU
		{67F9D3A8-F71E-4428-913F-C37AE82CDB24}.Debug|ARM.ActiveCfg = Debug|Any CPU
		{67F9D3A8-F71E-4428-913F-C37AE82CDB24}.Debug|ARM.Build.0 = Debug|Any CPU
		{67F9D3A8-F71E-4428-913F-C37AE82CDB24}.Debug|iPhone.ActiveCfg = Debug|Any CPU
		{67F9D3A8-F71E-4428-913F-C37AE82CDB24}.Debug|iPhone.Build.0 = Debug|Any CPU
		{67F9D3A8-F71E-4428-913F-C37AE82CDB24}.Debug|iPhoneSimulator.ActiveCfg = Debug|Any CPU
		{67F9D3A8-F71E-4428-913F-C37AE82CDB24}.Debug|iPhoneSimulator.Build.0 = Debug|Any CPU
		{67F9D3A8-F71E-4428-913F-C37AE82CDB24}.Debug|x64.ActiveCfg = Debug|Any CPU
		{67F9D3A8-F71E-4428-913F-C37AE82CDB24}.Debug|x64.Build.0 = Debug|Any CPU
		{67F9D3A8-F71E-4428-913F-C37AE82CDB24}.Debug|x86.ActiveCfg = Debug|Any CPU
		{67F9D3A8-F71E-4428-913F-C37AE82CDB24}.Debug|x86.Build.0 = Debug|Any CPU
		{67F9D3A8-F71E-4428-913F-C37AE82CDB24}.Release|Any CPU.ActiveCfg = Release|Any CPU
		{67F9D3A8-F71E-4428-913F-C37AE82CDB24}.Release|Any CPU.Build.0 = Release|Any CPU
		{67F9D3A8-F71E-4428-913F-C37AE82CDB24}.Release|ARM.ActiveCfg = Release|Any CPU
		{67F9D3A8-F71E-4428-913F-C37AE82CDB24}.Release|ARM.Build.0 = Release|Any CPU
		{67F9D3A8-F71E-4428-913F-C37AE82CDB24}.Release|iPhone.ActiveCfg = Release|Any CPU
		{67F9D3A8-F71E-4428-913F-C37AE82CDB24}.Release|iPhone.Build.0 = Release|Any CPU
		{67F9D3A8-F71E-4428-913F-C37AE82CDB24}.Release|iPhoneSimulator.ActiveCfg = Release|Any CPU
		{67F9D3A8-F71E-4428-913F-C37AE82CDB24}.Release|iPhoneSimulator.Build.0 = Release|Any CPU
		{67F9D3A8-F71E-4428-913F-C37AE82CDB24}.Release|x64.ActiveCfg = Release|Any CPU
		{67F9D3A8-F71E-4428-913F-C37AE82CDB24}.Release|x64.Build.0 = Release|Any CPU
		{67F9D3A8-F71E-4428-913F-C37AE82CDB24}.Release|x86.ActiveCfg = Release|Any CPU
		{67F9D3A8-F71E-4428-913F-C37AE82CDB24}.Release|x86.Build.0 = Release|Any CPU
		{53BCF549-B673-4DAD-8E42-FE6CA0542CBE}.Ad-Hoc|Any CPU.ActiveCfg = Release|Any CPU
		{53BCF549-B673-4DAD-8E42-FE6CA0542CBE}.Ad-Hoc|Any CPU.Build.0 = Release|Any CPU
		{53BCF549-B673-4DAD-8E42-FE6CA0542CBE}.Ad-Hoc|Any CPU.Deploy.0 = Release|Any CPU
		{53BCF549-B673-4DAD-8E42-FE6CA0542CBE}.Ad-Hoc|ARM.ActiveCfg = Release|Any CPU
		{53BCF549-B673-4DAD-8E42-FE6CA0542CBE}.Ad-Hoc|ARM.Build.0 = Release|Any CPU
		{53BCF549-B673-4DAD-8E42-FE6CA0542CBE}.Ad-Hoc|ARM.Deploy.0 = Release|Any CPU
		{53BCF549-B673-4DAD-8E42-FE6CA0542CBE}.Ad-Hoc|iPhone.ActiveCfg = Release|Any CPU
		{53BCF549-B673-4DAD-8E42-FE6CA0542CBE}.Ad-Hoc|iPhone.Build.0 = Release|Any CPU
		{53BCF549-B673-4DAD-8E42-FE6CA0542CBE}.Ad-Hoc|iPhone.Deploy.0 = Release|Any CPU
		{53BCF549-B673-4DAD-8E42-FE6CA0542CBE}.Ad-Hoc|iPhoneSimulator.ActiveCfg = Release|Any CPU
		{53BCF549-B673-4DAD-8E42-FE6CA0542CBE}.Ad-Hoc|iPhoneSimulator.Build.0 = Release|Any CPU
		{53BCF549-B673-4DAD-8E42-FE6CA0542CBE}.Ad-Hoc|iPhoneSimulator.Deploy.0 = Release|Any CPU
		{53BCF549-B673-4DAD-8E42-FE6CA0542CBE}.Ad-Hoc|x64.ActiveCfg = Release|Any CPU
		{53BCF549-B673-4DAD-8E42-FE6CA0542CBE}.Ad-Hoc|x64.Build.0 = Release|Any CPU
		{53BCF549-B673-4DAD-8E42-FE6CA0542CBE}.Ad-Hoc|x64.Deploy.0 = Release|Any CPU
		{53BCF549-B673-4DAD-8E42-FE6CA0542CBE}.Ad-Hoc|x86.ActiveCfg = Release|Any CPU
		{53BCF549-B673-4DAD-8E42-FE6CA0542CBE}.Ad-Hoc|x86.Build.0 = Release|Any CPU
		{53BCF549-B673-4DAD-8E42-FE6CA0542CBE}.Ad-Hoc|x86.Deploy.0 = Release|Any CPU
		{53BCF549-B673-4DAD-8E42-FE6CA0542CBE}.AppStore|Any CPU.ActiveCfg = Release|Any CPU
		{53BCF549-B673-4DAD-8E42-FE6CA0542CBE}.AppStore|Any CPU.Build.0 = Release|Any CPU
		{53BCF549-B673-4DAD-8E42-FE6CA0542CBE}.AppStore|Any CPU.Deploy.0 = Release|Any CPU
		{53BCF549-B673-4DAD-8E42-FE6CA0542CBE}.AppStore|ARM.ActiveCfg = Release|Any CPU
		{53BCF549-B673-4DAD-8E42-FE6CA0542CBE}.AppStore|ARM.Build.0 = Release|Any CPU
		{53BCF549-B673-4DAD-8E42-FE6CA0542CBE}.AppStore|ARM.Deploy.0 = Release|Any CPU
		{53BCF549-B673-4DAD-8E42-FE6CA0542CBE}.AppStore|iPhone.ActiveCfg = Release|Any CPU
		{53BCF549-B673-4DAD-8E42-FE6CA0542CBE}.AppStore|iPhone.Build.0 = Release|Any CPU
		{53BCF549-B673-4DAD-8E42-FE6CA0542CBE}.AppStore|iPhone.Deploy.0 = Release|Any CPU
		{53BCF549-B673-4DAD-8E42-FE6CA0542CBE}.AppStore|iPhoneSimulator.ActiveCfg = Release|Any CPU
		{53BCF549-B673-4DAD-8E42-FE6CA0542CBE}.AppStore|iPhoneSimulator.Build.0 = Release|Any CPU
		{53BCF549-B673-4DAD-8E42-FE6CA0542CBE}.AppStore|iPhoneSimulator.Deploy.0 = Release|Any CPU
		{53BCF549-B673-4DAD-8E42-FE6CA0542CBE}.AppStore|x64.ActiveCfg = Release|Any CPU
		{53BCF549-B673-4DAD-8E42-FE6CA0542CBE}.AppStore|x64.Build.0 = Release|Any CPU
		{53BCF549-B673-4DAD-8E42-FE6CA0542CBE}.AppStore|x64.Deploy.0 = Release|Any CPU
		{53BCF549-B673-4DAD-8E42-FE6CA0542CBE}.AppStore|x86.ActiveCfg = Release|Any CPU
		{53BCF549-B673-4DAD-8E42-FE6CA0542CBE}.AppStore|x86.Build.0 = Release|Any CPU
		{53BCF549-B673-4DAD-8E42-FE6CA0542CBE}.AppStore|x86.Deploy.0 = Release|Any CPU
		{53BCF549-B673-4DAD-8E42-FE6CA0542CBE}.Debug|Any CPU.ActiveCfg = Debug|Any CPU
		{53BCF549-B673-4DAD-8E42-FE6CA0542CBE}.Debug|Any CPU.Build.0 = Debug|Any CPU
		{53BCF549-B673-4DAD-8E42-FE6CA0542CBE}.Debug|Any CPU.Deploy.0 = Debug|Any CPU
		{53BCF549-B673-4DAD-8E42-FE6CA0542CBE}.Debug|ARM.ActiveCfg = Debug|Any CPU
		{53BCF549-B673-4DAD-8E42-FE6CA0542CBE}.Debug|ARM.Build.0 = Debug|Any CPU
		{53BCF549-B673-4DAD-8E42-FE6CA0542CBE}.Debug|ARM.Deploy.0 = Debug|Any CPU
		{53BCF549-B673-4DAD-8E42-FE6CA0542CBE}.Debug|iPhone.ActiveCfg = Debug|Any CPU
		{53BCF549-B673-4DAD-8E42-FE6CA0542CBE}.Debug|iPhone.Build.0 = Debug|Any CPU
		{53BCF549-B673-4DAD-8E42-FE6CA0542CBE}.Debug|iPhone.Deploy.0 = Debug|Any CPU
		{53BCF549-B673-4DAD-8E42-FE6CA0542CBE}.Debug|iPhoneSimulator.ActiveCfg = Debug|Any CPU
		{53BCF549-B673-4DAD-8E42-FE6CA0542CBE}.Debug|iPhoneSimulator.Build.0 = Debug|Any CPU
		{53BCF549-B673-4DAD-8E42-FE6CA0542CBE}.Debug|iPhoneSimulator.Deploy.0 = Debug|Any CPU
		{53BCF549-B673-4DAD-8E42-FE6CA0542CBE}.Debug|x64.ActiveCfg = Debug|Any CPU
		{53BCF549-B673-4DAD-8E42-FE6CA0542CBE}.Debug|x64.Build.0 = Debug|Any CPU
		{53BCF549-B673-4DAD-8E42-FE6CA0542CBE}.Debug|x64.Deploy.0 = Debug|Any CPU
		{53BCF549-B673-4DAD-8E42-FE6CA0542CBE}.Debug|x86.ActiveCfg = Debug|Any CPU
		{53BCF549-B673-4DAD-8E42-FE6CA0542CBE}.Debug|x86.Build.0 = Debug|Any CPU
		{53BCF549-B673-4DAD-8E42-FE6CA0542CBE}.Debug|x86.Deploy.0 = Debug|Any CPU
		{53BCF549-B673-4DAD-8E42-FE6CA0542CBE}.Release|Any CPU.ActiveCfg = Release|Any CPU
		{53BCF549-B673-4DAD-8E42-FE6CA0542CBE}.Release|Any CPU.Build.0 = Release|Any CPU
		{53BCF549-B673-4DAD-8E42-FE6CA0542CBE}.Release|Any CPU.Deploy.0 = Release|Any CPU
		{53BCF549-B673-4DAD-8E42-FE6CA0542CBE}.Release|ARM.ActiveCfg = Release|Any CPU
		{53BCF549-B673-4DAD-8E42-FE6CA0542CBE}.Release|ARM.Build.0 = Release|Any CPU
		{53BCF549-B673-4DAD-8E42-FE6CA0542CBE}.Release|ARM.Deploy.0 = Release|Any CPU
		{53BCF549-B673-4DAD-8E42-FE6CA0542CBE}.Release|iPhone.ActiveCfg = Release|Any CPU
		{53BCF549-B673-4DAD-8E42-FE6CA0542CBE}.Release|iPhone.Build.0 = Release|Any CPU
		{53BCF549-B673-4DAD-8E42-FE6CA0542CBE}.Release|iPhone.Deploy.0 = Release|Any CPU
		{53BCF549-B673-4DAD-8E42-FE6CA0542CBE}.Release|iPhoneSimulator.ActiveCfg = Release|Any CPU
		{53BCF549-B673-4DAD-8E42-FE6CA0542CBE}.Release|iPhoneSimulator.Build.0 = Release|Any CPU
		{53BCF549-B673-4DAD-8E42-FE6CA0542CBE}.Release|iPhoneSimulator.Deploy.0 = Release|Any CPU
		{53BCF549-B673-4DAD-8E42-FE6CA0542CBE}.Release|x64.ActiveCfg = Release|Any CPU
		{53BCF549-B673-4DAD-8E42-FE6CA0542CBE}.Release|x64.Build.0 = Release|Any CPU
		{53BCF549-B673-4DAD-8E42-FE6CA0542CBE}.Release|x64.Deploy.0 = Release|Any CPU
		{53BCF549-B673-4DAD-8E42-FE6CA0542CBE}.Release|x86.ActiveCfg = Release|Any CPU
		{53BCF549-B673-4DAD-8E42-FE6CA0542CBE}.Release|x86.Build.0 = Release|Any CPU
		{53BCF549-B673-4DAD-8E42-FE6CA0542CBE}.Release|x86.Deploy.0 = Release|Any CPU
		{5828CEF3-1671-4E2A-BE75-6210830E4221}.Ad-Hoc|Any CPU.ActiveCfg = Ad-Hoc|iPhone
		{5828CEF3-1671-4E2A-BE75-6210830E4221}.Ad-Hoc|ARM.ActiveCfg = Ad-Hoc|iPhone
		{5828CEF3-1671-4E2A-BE75-6210830E4221}.Ad-Hoc|iPhone.ActiveCfg = Ad-Hoc|iPhone
		{5828CEF3-1671-4E2A-BE75-6210830E4221}.Ad-Hoc|iPhone.Build.0 = Ad-Hoc|iPhone
		{5828CEF3-1671-4E2A-BE75-6210830E4221}.Ad-Hoc|iPhoneSimulator.ActiveCfg = Ad-Hoc|iPhoneSimulator
		{5828CEF3-1671-4E2A-BE75-6210830E4221}.Ad-Hoc|iPhoneSimulator.Build.0 = Ad-Hoc|iPhoneSimulator
		{5828CEF3-1671-4E2A-BE75-6210830E4221}.Ad-Hoc|x64.ActiveCfg = Ad-Hoc|iPhone
		{5828CEF3-1671-4E2A-BE75-6210830E4221}.Ad-Hoc|x86.ActiveCfg = Ad-Hoc|iPhone
		{5828CEF3-1671-4E2A-BE75-6210830E4221}.AppStore|Any CPU.ActiveCfg = AppStore|iPhone
		{5828CEF3-1671-4E2A-BE75-6210830E4221}.AppStore|ARM.ActiveCfg = AppStore|iPhone
		{5828CEF3-1671-4E2A-BE75-6210830E4221}.AppStore|iPhone.ActiveCfg = AppStore|iPhone
		{5828CEF3-1671-4E2A-BE75-6210830E4221}.AppStore|iPhone.Build.0 = AppStore|iPhone
		{5828CEF3-1671-4E2A-BE75-6210830E4221}.AppStore|iPhoneSimulator.ActiveCfg = AppStore|iPhoneSimulator
		{5828CEF3-1671-4E2A-BE75-6210830E4221}.AppStore|iPhoneSimulator.Build.0 = AppStore|iPhoneSimulator
		{5828CEF3-1671-4E2A-BE75-6210830E4221}.AppStore|x64.ActiveCfg = AppStore|iPhone
		{5828CEF3-1671-4E2A-BE75-6210830E4221}.AppStore|x86.ActiveCfg = AppStore|iPhone
		{5828CEF3-1671-4E2A-BE75-6210830E4221}.Debug|Any CPU.ActiveCfg = Debug|iPhone
		{5828CEF3-1671-4E2A-BE75-6210830E4221}.Debug|Any CPU.Build.0 = Debug|iPhone
		{5828CEF3-1671-4E2A-BE75-6210830E4221}.Debug|ARM.ActiveCfg = Debug|iPhone
		{5828CEF3-1671-4E2A-BE75-6210830E4221}.Debug|iPhone.ActiveCfg = Debug|iPhone
		{5828CEF3-1671-4E2A-BE75-6210830E4221}.Debug|iPhone.Build.0 = Debug|iPhone
		{5828CEF3-1671-4E2A-BE75-6210830E4221}.Debug|iPhoneSimulator.ActiveCfg = Debug|iPhoneSimulator
		{5828CEF3-1671-4E2A-BE75-6210830E4221}.Debug|iPhoneSimulator.Build.0 = Debug|iPhoneSimulator
		{5828CEF3-1671-4E2A-BE75-6210830E4221}.Debug|x64.ActiveCfg = Debug|iPhone
		{5828CEF3-1671-4E2A-BE75-6210830E4221}.Debug|x86.ActiveCfg = Debug|iPhone
		{5828CEF3-1671-4E2A-BE75-6210830E4221}.Release|Any CPU.ActiveCfg = Release|iPhone
		{5828CEF3-1671-4E2A-BE75-6210830E4221}.Release|ARM.ActiveCfg = Release|iPhone
		{5828CEF3-1671-4E2A-BE75-6210830E4221}.Release|iPhone.ActiveCfg = Release|iPhone
		{5828CEF3-1671-4E2A-BE75-6210830E4221}.Release|iPhone.Build.0 = Release|iPhone
		{5828CEF3-1671-4E2A-BE75-6210830E4221}.Release|iPhoneSimulator.ActiveCfg = Release|iPhoneSimulator
		{5828CEF3-1671-4E2A-BE75-6210830E4221}.Release|iPhoneSimulator.Build.0 = Release|iPhoneSimulator
		{5828CEF3-1671-4E2A-BE75-6210830E4221}.Release|x64.ActiveCfg = Release|iPhone
		{5828CEF3-1671-4E2A-BE75-6210830E4221}.Release|x86.ActiveCfg = Release|iPhone
		{EDA1A593-CB67-4F22-8A0A-220CC6A6ECD1}.Ad-Hoc|Any CPU.ActiveCfg = Release|x86
		{EDA1A593-CB67-4F22-8A0A-220CC6A6ECD1}.Ad-Hoc|Any CPU.Build.0 = Release|x86
		{EDA1A593-CB67-4F22-8A0A-220CC6A6ECD1}.Ad-Hoc|Any CPU.Deploy.0 = Release|x86
		{EDA1A593-CB67-4F22-8A0A-220CC6A6ECD1}.Ad-Hoc|ARM.ActiveCfg = Release|ARM
		{EDA1A593-CB67-4F22-8A0A-220CC6A6ECD1}.Ad-Hoc|ARM.Build.0 = Release|ARM
		{EDA1A593-CB67-4F22-8A0A-220CC6A6ECD1}.Ad-Hoc|ARM.Deploy.0 = Release|ARM
		{EDA1A593-CB67-4F22-8A0A-220CC6A6ECD1}.Ad-Hoc|iPhone.ActiveCfg = Release|x86
		{EDA1A593-CB67-4F22-8A0A-220CC6A6ECD1}.Ad-Hoc|iPhone.Build.0 = Release|x86
		{EDA1A593-CB67-4F22-8A0A-220CC6A6ECD1}.Ad-Hoc|iPhone.Deploy.0 = Release|x86
		{EDA1A593-CB67-4F22-8A0A-220CC6A6ECD1}.Ad-Hoc|iPhoneSimulator.ActiveCfg = Release|x86
		{EDA1A593-CB67-4F22-8A0A-220CC6A6ECD1}.Ad-Hoc|iPhoneSimulator.Build.0 = Release|x86
		{EDA1A593-CB67-4F22-8A0A-220CC6A6ECD1}.Ad-Hoc|iPhoneSimulator.Deploy.0 = Release|x86
		{EDA1A593-CB67-4F22-8A0A-220CC6A6ECD1}.Ad-Hoc|x64.ActiveCfg = Release|x64
		{EDA1A593-CB67-4F22-8A0A-220CC6A6ECD1}.Ad-Hoc|x64.Build.0 = Release|x64
		{EDA1A593-CB67-4F22-8A0A-220CC6A6ECD1}.Ad-Hoc|x64.Deploy.0 = Release|x64
		{EDA1A593-CB67-4F22-8A0A-220CC6A6ECD1}.Ad-Hoc|x86.ActiveCfg = Release|x86
		{EDA1A593-CB67-4F22-8A0A-220CC6A6ECD1}.Ad-Hoc|x86.Build.0 = Release|x86
		{EDA1A593-CB67-4F22-8A0A-220CC6A6ECD1}.Ad-Hoc|x86.Deploy.0 = Release|x86
		{EDA1A593-CB67-4F22-8A0A-220CC6A6ECD1}.AppStore|Any CPU.ActiveCfg = Release|x86
		{EDA1A593-CB67-4F22-8A0A-220CC6A6ECD1}.AppStore|Any CPU.Build.0 = Release|x86
		{EDA1A593-CB67-4F22-8A0A-220CC6A6ECD1}.AppStore|Any CPU.Deploy.0 = Release|x86
		{EDA1A593-CB67-4F22-8A0A-220CC6A6ECD1}.AppStore|ARM.ActiveCfg = Release|ARM
		{EDA1A593-CB67-4F22-8A0A-220CC6A6ECD1}.AppStore|ARM.Build.0 = Release|ARM
		{EDA1A593-CB67-4F22-8A0A-220CC6A6ECD1}.AppStore|ARM.Deploy.0 = Release|ARM
		{EDA1A593-CB67-4F22-8A0A-220CC6A6ECD1}.AppStore|iPhone.ActiveCfg = Release|x86
		{EDA1A593-CB67-4F22-8A0A-220CC6A6ECD1}.AppStore|iPhone.Build.0 = Release|x86
		{EDA1A593-CB67-4F22-8A0A-220CC6A6ECD1}.AppStore|iPhone.Deploy.0 = Release|x86
		{EDA1A593-CB67-4F22-8A0A-220CC6A6ECD1}.AppStore|iPhoneSimulator.ActiveCfg = Release|x86
		{EDA1A593-CB67-4F22-8A0A-220CC6A6ECD1}.AppStore|iPhoneSimulator.Build.0 = Release|x86
		{EDA1A593-CB67-4F22-8A0A-220CC6A6ECD1}.AppStore|iPhoneSimulator.Deploy.0 = Release|x86
		{EDA1A593-CB67-4F22-8A0A-220CC6A6ECD1}.AppStore|x64.ActiveCfg = Release|x64
		{EDA1A593-CB67-4F22-8A0A-220CC6A6ECD1}.AppStore|x64.Build.0 = Release|x64
		{EDA1A593-CB67-4F22-8A0A-220CC6A6ECD1}.AppStore|x64.Deploy.0 = Release|x64
		{EDA1A593-CB67-4F22-8A0A-220CC6A6ECD1}.AppStore|x86.ActiveCfg = Release|x86
		{EDA1A593-CB67-4F22-8A0A-220CC6A6ECD1}.AppStore|x86.Build.0 = Release|x86
		{EDA1A593-CB67-4F22-8A0A-220CC6A6ECD1}.AppStore|x86.Deploy.0 = Release|x86
		{EDA1A593-CB67-4F22-8A0A-220CC6A6ECD1}.Debug|Any CPU.ActiveCfg = Debug|x86
		{EDA1A593-CB67-4F22-8A0A-220CC6A6ECD1}.Debug|Any CPU.Build.0 = Debug|x86
		{EDA1A593-CB67-4F22-8A0A-220CC6A6ECD1}.Debug|Any CPU.Deploy.0 = Debug|x86
		{EDA1A593-CB67-4F22-8A0A-220CC6A6ECD1}.Debug|ARM.ActiveCfg = Debug|ARM
		{EDA1A593-CB67-4F22-8A0A-220CC6A6ECD1}.Debug|ARM.Build.0 = Debug|ARM
		{EDA1A593-CB67-4F22-8A0A-220CC6A6ECD1}.Debug|ARM.Deploy.0 = Debug|ARM
		{EDA1A593-CB67-4F22-8A0A-220CC6A6ECD1}.Debug|iPhone.ActiveCfg = Debug|x86
		{EDA1A593-CB67-4F22-8A0A-220CC6A6ECD1}.Debug|iPhoneSimulator.ActiveCfg = Debug|x86
		{EDA1A593-CB67-4F22-8A0A-220CC6A6ECD1}.Debug|x64.ActiveCfg = Debug|x64
		{EDA1A593-CB67-4F22-8A0A-220CC6A6ECD1}.Debug|x64.Build.0 = Debug|x64
		{EDA1A593-CB67-4F22-8A0A-220CC6A6ECD1}.Debug|x64.Deploy.0 = Debug|x64
		{EDA1A593-CB67-4F22-8A0A-220CC6A6ECD1}.Debug|x86.ActiveCfg = Debug|x86
		{EDA1A593-CB67-4F22-8A0A-220CC6A6ECD1}.Debug|x86.Build.0 = Debug|x86
		{EDA1A593-CB67-4F22-8A0A-220CC6A6ECD1}.Debug|x86.Deploy.0 = Debug|x86
		{EDA1A593-CB67-4F22-8A0A-220CC6A6ECD1}.Release|Any CPU.ActiveCfg = Release|x86
		{EDA1A593-CB67-4F22-8A0A-220CC6A6ECD1}.Release|ARM.ActiveCfg = Release|ARM
		{EDA1A593-CB67-4F22-8A0A-220CC6A6ECD1}.Release|ARM.Build.0 = Release|ARM
		{EDA1A593-CB67-4F22-8A0A-220CC6A6ECD1}.Release|ARM.Deploy.0 = Release|ARM
		{EDA1A593-CB67-4F22-8A0A-220CC6A6ECD1}.Release|iPhone.ActiveCfg = Release|x86
		{EDA1A593-CB67-4F22-8A0A-220CC6A6ECD1}.Release|iPhoneSimulator.ActiveCfg = Release|x86
		{EDA1A593-CB67-4F22-8A0A-220CC6A6ECD1}.Release|x64.ActiveCfg = Release|x64
		{EDA1A593-CB67-4F22-8A0A-220CC6A6ECD1}.Release|x64.Build.0 = Release|x64
		{EDA1A593-CB67-4F22-8A0A-220CC6A6ECD1}.Release|x64.Deploy.0 = Release|x64
		{EDA1A593-CB67-4F22-8A0A-220CC6A6ECD1}.Release|x86.ActiveCfg = Release|x86
		{EDA1A593-CB67-4F22-8A0A-220CC6A6ECD1}.Release|x86.Build.0 = Release|x86
		{EDA1A593-CB67-4F22-8A0A-220CC6A6ECD1}.Release|x86.Deploy.0 = Release|x86
	EndGlobalSection
	GlobalSection(SolutionProperties) = preSolution
		HideSolutionNode = FALSE
	EndGlobalSection
EndGlobal
